// !$*UTF8*$!
{
	archiveVersion = 1;
	classes = {
	};
	objectVersion = 44;
	objects = {

/* Begin PBXBuildFile section */
		3401922D0F7FB30300D7D3FA /* exificon.icns in Resources */ = {isa = PBXBuildFile; fileRef = 3401922C0F7FB30300D7D3FA /* exificon.icns */; };
		340C82C10F97EA29009EDF61 /* PreferencesWindow.xib in Resources */ = {isa = PBXBuildFile; fileRef = 340C82BF0F97EA29009EDF61 /* PreferencesWindow.xib */; };
		341F87B90F8B894C0052AA18 /* OpaqueView.py in Resources */ = {isa = PBXBuildFile; fileRef = 341F87B80F8B894C0052AA18 /* OpaqueView.py */; };
		343445200F7E8AF700A6ACE7 /* ImageProxy.py in Resources */ = {isa = PBXBuildFile; fileRef = 3434451F0F7E8AF700A6ACE7 /* ImageProxy.py */; };
		343622A50FAF669700603884 /* ExiftoolBridge.py in Resources */ = {isa = PBXBuildFile; fileRef = 343622A40FAF669700603884 /* ExiftoolBridge.py */; };
		344A48F00F78068100A7E838 /* PyviewController.py in Resources */ = {isa = PBXBuildFile; fileRef = 344A48EF0F78068100A7E838 /* PyviewController.py */; };
		345AF73B0F9D12FA009709D3 /* ProgressSheet.xib in Resources */ = {isa = PBXBuildFile; fileRef = 345AF73A0F9D12FA009709D3 /* ProgressSheet.xib */; };
		345AF7580F9D20A5009709D3 /* ProgressWindowController.py in Resources */ = {isa = PBXBuildFile; fileRef = 345AF7570F9D20A5009709D3 /* ProgressWindowController.py */; };
		347086E90F9A0B2000BD1025 /* NSURLTransformer.py in Resources */ = {isa = PBXBuildFile; fileRef = 347086E80F9A0B2000BD1025 /* NSURLTransformer.py */; };
		347087070F9A1A0000BD1025 /* fairy.icns in Resources */ = {isa = PBXBuildFile; fileRef = 347087060F9A1A0000BD1025 /* fairy.icns */; };
		34AFCCEE0F88E70000A6CEEA /* OutlineViewDS.py in Resources */ = {isa = PBXBuildFile; fileRef = 34AFCCED0F88E70000A6CEEA /* OutlineViewDS.py */; };
		34C29B970F8EA91A00CF7EA8 /* Quartz.framework in Frameworks */ = {isa = PBXBuildFile; fileRef = 34C29B950F8EA91A00CF7EA8 /* Quartz.framework */; };
		34C29B980F8EA91A00CF7EA8 /* QuartzCore.framework in Frameworks */ = {isa = PBXBuildFile; fileRef = 34C29B960F8EA91A00CF7EA8 /* QuartzCore.framework */; };
		34CC7C590F9A42B8003557FC /* hdsave.icns in Resources */ = {isa = PBXBuildFile; fileRef = 34CC7C580F9A42B8003557FC /* hdsave.icns */; };
		34CC7CAA0F9B89E5003557FC /* Preferences.py in Resources */ = {isa = PBXBuildFile; fileRef = 34CC7CA90F9B89E5003557FC /* Preferences.py */; };
		34CC7D480F9BF92F003557FC /* TODO in Resources */ = {isa = PBXBuildFile; fileRef = 34CC7D470F9BF92F003557FC /* TODO */; };
		77631A270C06C501005415CB /* Python.framework in Frameworks */ = {isa = PBXBuildFile; fileRef = 77631A260C06C501005415CB /* Python.framework */; };
		77631A3F0C0748CF005415CB /* main.py in Resources */ = {isa = PBXBuildFile; fileRef = 77631A3E0C0748CF005415CB /* main.py */; };
		7790198F0C07548A00326F66 /* PyviewAppDelegate.py in Resources */ = {isa = PBXBuildFile; fileRef = 7790198E0C07548A00326F66 /* PyviewAppDelegate.py */; };
		77C8C1F90C07829500965286 /* MainMenu.xib in Resources */ = {isa = PBXBuildFile; fileRef = 77C8C1F70C07829500965286 /* MainMenu.xib */; };
		8D11072B0486CEB800E47090 /* InfoPlist.strings in Resources */ = {isa = PBXBuildFile; fileRef = 089C165CFE840E0CC02AAC07 /* InfoPlist.strings */; };
		8D11072D0486CEB800E47090 /* main.m in Sources */ = {isa = PBXBuildFile; fileRef = 29B97316FDCFA39411CA2CEA /* main.m */; settings = {ATTRIBUTES = (); }; };
		8D11072F0486CEB800E47090 /* Cocoa.framework in Frameworks */ = {isa = PBXBuildFile; fileRef = 1058C7A1FEA54F0111CA2CBB /* Cocoa.framework */; };
/* End PBXBuildFile section */

/* Begin PBXFileReference section */
		089C165DFE840E0CC02AAC07 /* English */ = {isa = PBXFileReference; fileEncoding = 10; lastKnownFileType = text.plist.strings; name = English; path = English.lproj/InfoPlist.strings; sourceTree = "<group>"; };
		1058C7A1FEA54F0111CA2CBB /* Cocoa.framework */ = {isa = PBXFileReference; lastKnownFileType = wrapper.framework; name = Cocoa.framework; path = /System/Library/Frameworks/Cocoa.framework; sourceTree = "<absolute>"; };
		13E42FB307B3F0F600E4EEF1 /* CoreData.framework */ = {isa = PBXFileReference; lastKnownFileType = wrapper.framework; name = CoreData.framework; path = /System/Library/Frameworks/CoreData.framework; sourceTree = "<absolute>"; };
		29B97316FDCFA39411CA2CEA /* main.m */ = {isa = PBXFileReference; fileEncoding = 4; lastKnownFileType = sourcecode.c.objc; path = main.m; sourceTree = "<group>"; };
		29B97324FDCFA39411CA2CEA /* AppKit.framework */ = {isa = PBXFileReference; lastKnownFileType = wrapper.framework; name = AppKit.framework; path = /System/Library/Frameworks/AppKit.framework; sourceTree = "<absolute>"; };
		29B97325FDCFA39411CA2CEA /* Foundation.framework */ = {isa = PBXFileReference; lastKnownFileType = wrapper.framework; name = Foundation.framework; path = /System/Library/Frameworks/Foundation.framework; sourceTree = "<absolute>"; };
		32CA4F630368D1EE00C91783 /* Pyview_Prefix.pch */ = {isa = PBXFileReference; fileEncoding = 4; lastKnownFileType = sourcecode.c.h; path = Pyview_Prefix.pch; sourceTree = "<group>"; };
		3401922C0F7FB30300D7D3FA /* exificon.icns */ = {isa = PBXFileReference; lastKnownFileType = image.icns; path = exificon.icns; sourceTree = "<group>"; };
		340C82C00F97EA29009EDF61 /* English */ = {isa = PBXFileReference; lastKnownFileType = file.xib; name = English; path = English.lproj/PreferencesWindow.xib; sourceTree = "<group>"; };
		341F87B80F8B894C0052AA18 /* OpaqueView.py */ = {isa = PBXFileReference; fileEncoding = 4; lastKnownFileType = text.script.python; path = OpaqueView.py; sourceTree = "<group>"; };
		3434451F0F7E8AF700A6ACE7 /* ImageProxy.py */ = {isa = PBXFileReference; fileEncoding = 4; lastKnownFileType = text.script.python; path = ImageProxy.py; sourceTree = "<group>"; usesTabs = 0; };
		343622A40FAF669700603884 /* ExiftoolBridge.py */ = {isa = PBXFileReference; fileEncoding = 4; lastKnownFileType = text.script.python; path = ExiftoolBridge.py; sourceTree = "<group>"; usesTabs = 0; };
		344A48EF0F78068100A7E838 /* PyviewController.py */ = {isa = PBXFileReference; fileEncoding = 4; lastKnownFileType = text.script.python; path = PyviewController.py; sourceTree = "<group>"; usesTabs = 0; };
		345AF73A0F9D12FA009709D3 /* ProgressSheet.xib */ = {isa = PBXFileReference; lastKnownFileType = file.xib; path = ProgressSheet.xib; sourceTree = "<group>"; };
		345AF7570F9D20A5009709D3 /* ProgressWindowController.py */ = {isa = PBXFileReference; fileEncoding = 4; lastKnownFileType = text.script.python; path = ProgressWindowController.py; sourceTree = "<group>"; };
		347086E80F9A0B2000BD1025 /* NSURLTransformer.py */ = {isa = PBXFileReference; fileEncoding = 4; lastKnownFileType = text.script.python; path = NSURLTransformer.py; sourceTree = "<group>"; };
		347087060F9A1A0000BD1025 /* fairy.icns */ = {isa = PBXFileReference; lastKnownFileType = image.icns; path = fairy.icns; sourceTree = "<group>"; };
		34AFCCED0F88E70000A6CEEA /* OutlineViewDS.py */ = {isa = PBXFileReference; fileEncoding = 4; lastKnownFileType = text.script.python; path = OutlineViewDS.py; sourceTree = "<group>"; };
		34C29B950F8EA91A00CF7EA8 /* Quartz.framework */ = {isa = PBXFileReference; lastKnownFileType = wrapper.framework; name = Quartz.framework; path = /System/Library/Frameworks/Quartz.framework; sourceTree = "<absolute>"; };
		34C29B960F8EA91A00CF7EA8 /* QuartzCore.framework */ = {isa = PBXFileReference; lastKnownFileType = wrapper.framework; name = QuartzCore.framework; path = /System/Library/Frameworks/QuartzCore.framework; sourceTree = "<absolute>"; };
		34CC7C580F9A42B8003557FC /* hdsave.icns */ = {isa = PBXFileReference; lastKnownFileType = image.icns; path = hdsave.icns; sourceTree = "<group>"; };
		34CC7CA90F9B89E5003557FC /* Preferences.py */ = {isa = PBXFileReference; fileEncoding = 4; lastKnownFileType = text.script.python; path = Preferences.py; sourceTree = "<group>"; };
		34CC7D470F9BF92F003557FC /* TODO */ = {isa = PBXFileReference; fileEncoding = 4; lastKnownFileType = text; path = TODO; sourceTree = "<group>"; };
		77631A260C06C501005415CB /* Python.framework */ = {isa = PBXFileReference; lastKnownFileType = wrapper.framework; name = Python.framework; path = /System/Library/Frameworks/Python.framework; sourceTree = "<absolute>"; };
		77631A3E0C0748CF005415CB /* main.py */ = {isa = PBXFileReference; fileEncoding = 4; lastKnownFileType = text.script.python; path = main.py; sourceTree = "<group>"; };
		7790198E0C07548A00326F66 /* PyviewAppDelegate.py */ = {isa = PBXFileReference; fileEncoding = 4; lastKnownFileType = text.script.python; path = PyviewAppDelegate.py; sourceTree = "<group>"; usesTabs = 0; };
		77C8C1F80C07829500965286 /* English */ = {isa = PBXFileReference; lastKnownFileType = file.xib; name = English; path = English.lproj/MainMenu.xib; sourceTree = "<group>"; };
		8D1107310486CEB800E47090 /* Info.plist */ = {isa = PBXFileReference; fileEncoding = 4; lastKnownFileType = text.plist.xml; path = Info.plist; sourceTree = "<group>"; };
		8D1107320486CEB800E47090 /* Gleam.app */ = {isa = PBXFileReference; explicitFileType = wrapper.application; includeInIndex = 0; path = Gleam.app; sourceTree = BUILT_PRODUCTS_DIR; };
/* End PBXFileReference section */

/* Begin PBXFrameworksBuildPhase section */
		8D11072E0486CEB800E47090 /* Frameworks */ = {
			isa = PBXFrameworksBuildPhase;
			buildActionMask = 2147483647;
			files = (
				8D11072F0486CEB800E47090 /* Cocoa.framework in Frameworks */,
				77631A270C06C501005415CB /* Python.framework in Frameworks */,
				34C29B970F8EA91A00CF7EA8 /* Quartz.framework in Frameworks */,
				34C29B980F8EA91A00CF7EA8 /* QuartzCore.framework in Frameworks */,
			);
			runOnlyForDeploymentPostprocessing = 0;
		};
/* End PBXFrameworksBuildPhase section */

/* Begin PBXGroup section */
		080E96DDFE201D6D7F000001 /* Classes */ = {
			isa = PBXGroup;
			children = (
				348F9BF30FCB47DA0046A309 /* Backend */,
				347086E70F9A0AB700BD1025 /* Prefs */,
				7790198E0C07548A00326F66 /* PyviewAppDelegate.py */,
				344A48EF0F78068100A7E838 /* PyviewController.py */,
				34AFCCED0F88E70000A6CEEA /* OutlineViewDS.py */,
				341F87B80F8B894C0052AA18 /* OpaqueView.py */,
				345AF7570F9D20A5009709D3 /* ProgressWindowController.py */,
			);
			name = Classes;
			sourceTree = "<group>";
		};
		1058C7A0FEA54F0111CA2CBB /* Linked Frameworks */ = {
			isa = PBXGroup;
			children = (
				34C29B950F8EA91A00CF7EA8 /* Quartz.framework */,
				34C29B960F8EA91A00CF7EA8 /* QuartzCore.framework */,
				77631A260C06C501005415CB /* Python.framework */,
				1058C7A1FEA54F0111CA2CBB /* Cocoa.framework */,
			);
			name = "Linked Frameworks";
			sourceTree = "<group>";
		};
		1058C7A2FEA54F0111CA2CBB /* Other Frameworks */ = {
			isa = PBXGroup;
			children = (
				29B97324FDCFA39411CA2CEA /* AppKit.framework */,
				13E42FB307B3F0F600E4EEF1 /* CoreData.framework */,
				29B97325FDCFA39411CA2CEA /* Foundation.framework */,
			);
			name = "Other Frameworks";
			sourceTree = "<group>";
		};
		19C28FACFE9D520D11CA2CBB /* Products */ = {
			isa = PBXGroup;
			children = (
				8D1107320486CEB800E47090 /* Gleam.app */,
			);
			name = Products;
			sourceTree = "<group>";
		};
		29B97314FDCFA39411CA2CEA /* Pyview */ = {
			isa = PBXGroup;
			children = (
				080E96DDFE201D6D7F000001 /* Classes */,
				29B97315FDCFA39411CA2CEA /* Other Sources */,
				29B97317FDCFA39411CA2CEA /* Resources */,
				29B97323FDCFA39411CA2CEA /* Frameworks */,
				19C28FACFE9D520D11CA2CBB /* Products */,
				34CC7D470F9BF92F003557FC /* TODO */,
			);
			name = Pyview;
			sourceTree = "<group>";
		};
		29B97315FDCFA39411CA2CEA /* Other Sources */ = {
			isa = PBXGroup;
			children = (
				32CA4F630368D1EE00C91783 /* Pyview_Prefix.pch */,
				29B97316FDCFA39411CA2CEA /* main.m */,
				77631A3E0C0748CF005415CB /* main.py */,
			);
			name = "Other Sources";
			sourceTree = "<group>";
		};
		29B97317FDCFA39411CA2CEA /* Resources */ = {
			isa = PBXGroup;
			children = (
				34CC7C5A0F9A42BC003557FC /* Graphics */,
				340C82BF0F97EA29009EDF61 /* PreferencesWindow.xib */,
				77C8C1F70C07829500965286 /* MainMenu.xib */,
				8D1107310486CEB800E47090 /* Info.plist */,
				089C165CFE840E0CC02AAC07 /* InfoPlist.strings */,
				345AF73A0F9D12FA009709D3 /* ProgressSheet.xib */,
			);
			name = Resources;
			sourceTree = "<group>";
		};
		29B97323FDCFA39411CA2CEA /* Frameworks */ = {
			isa = PBXGroup;
			children = (
				1058C7A0FEA54F0111CA2CBB /* Linked Frameworks */,
				1058C7A2FEA54F0111CA2CBB /* Other Frameworks */,
			);
			name = Frameworks;
			sourceTree = "<group>";
		};
		347086E70F9A0AB700BD1025 /* Prefs */ = {
			isa = PBXGroup;
			children = (
				347086E80F9A0B2000BD1025 /* NSURLTransformer.py */,
				34CC7CA90F9B89E5003557FC /* Preferences.py */,
			);
			name = Prefs;
			sourceTree = "<group>";
		};
		348F9BF30FCB47DA0046A309 /* Backend */ = {
			isa = PBXGroup;
			children = (
				343622A40FAF669700603884 /* ExiftoolBridge.py */,
				3434451F0F7E8AF700A6ACE7 /* ImageProxy.py */,
			);
			name = Backend;
			sourceTree = "<group>";
		};
		34CC7C5A0F9A42BC003557FC /* Graphics */ = {
			isa = PBXGroup;
			children = (
				34CC7C580F9A42B8003557FC /* hdsave.icns */,
				347087060F9A1A0000BD1025 /* fairy.icns */,
				3401922C0F7FB30300D7D3FA /* exificon.icns */,
			);
			name = Graphics;
			sourceTree = "<group>";
		};
/* End PBXGroup section */

/* Begin PBXNativeTarget section */
		8D1107260486CEB800E47090 /* Pyview */ = {
			isa = PBXNativeTarget;
			buildConfigurationList = C01FCF4A08A954540054247B /* Build configuration list for PBXNativeTarget "Pyview" */;
			buildPhases = (
				8D1107290486CEB800E47090 /* Resources */,
				8D11072C0486CEB800E47090 /* Sources */,
				8D11072E0486CEB800E47090 /* Frameworks */,
			);
			buildRules = (
			);
			dependencies = (
			);
			name = Pyview;
			productInstallPath = "$(HOME)/Applications";
			productName = Pyview;
			productReference = 8D1107320486CEB800E47090 /* Gleam.app */;
			productType = "com.apple.product-type.application";
		};
/* End PBXNativeTarget section */

/* Begin PBXProject section */
		29B97313FDCFA39411CA2CEA /* Project object */ = {
			isa = PBXProject;
			buildConfigurationList = C01FCF4E08A954540054247B /* Build configuration list for PBXProject "Pyview" */;
			compatibilityVersion = "Xcode 3.0";
			hasScannedForEncodings = 1;
			mainGroup = 29B97314FDCFA39411CA2CEA /* Pyview */;
			projectDirPath = "";
			projectRoot = "";
			targets = (
				8D1107260486CEB800E47090 /* Pyview */,
			);
		};
/* End PBXProject section */

/* Begin PBXResourcesBuildPhase section */
		8D1107290486CEB800E47090 /* Resources */ = {
			isa = PBXResourcesBuildPhase;
			buildActionMask = 2147483647;
			files = (
				8D11072B0486CEB800E47090 /* InfoPlist.strings in Resources */,
				77631A3F0C0748CF005415CB /* main.py in Resources */,
				7790198F0C07548A00326F66 /* PyviewAppDelegate.py in Resources */,
				77C8C1F90C07829500965286 /* MainMenu.xib in Resources */,
				344A48F00F78068100A7E838 /* PyviewController.py in Resources */,
				343445200F7E8AF700A6ACE7 /* ImageProxy.py in Resources */,
				3401922D0F7FB30300D7D3FA /* exificon.icns in Resources */,
				34AFCCEE0F88E70000A6CEEA /* OutlineViewDS.py in Resources */,
				341F87B90F8B894C0052AA18 /* OpaqueView.py in Resources */,
				340C82C10F97EA29009EDF61 /* PreferencesWindow.xib in Resources */,
				347086E90F9A0B2000BD1025 /* NSURLTransformer.py in Resources */,
				347087070F9A1A0000BD1025 /* fairy.icns in Resources */,
				34CC7C590F9A42B8003557FC /* hdsave.icns in Resources */,
				34CC7CAA0F9B89E5003557FC /* Preferences.py in Resources */,
				34CC7D480F9BF92F003557FC /* TODO in Resources */,
				345AF73B0F9D12FA009709D3 /* ProgressSheet.xib in Resources */,
				345AF7580F9D20A5009709D3 /* ProgressWindowController.py in Resources */,
				343622A50FAF669700603884 /* ExiftoolBridge.py in Resources */,
			);
			runOnlyForDeploymentPostprocessing = 0;
		};
/* End PBXResourcesBuildPhase section */

/* Begin PBXSourcesBuildPhase section */
		8D11072C0486CEB800E47090 /* Sources */ = {
			isa = PBXSourcesBuildPhase;
			buildActionMask = 2147483647;
			files = (
				8D11072D0486CEB800E47090 /* main.m in Sources */,
			);
			runOnlyForDeploymentPostprocessing = 0;
		};
/* End PBXSourcesBuildPhase section */

/* Begin PBXVariantGroup section */
		089C165CFE840E0CC02AAC07 /* InfoPlist.strings */ = {
			isa = PBXVariantGroup;
			children = (
				089C165DFE840E0CC02AAC07 /* English */,
			);
			name = InfoPlist.strings;
			sourceTree = "<group>";
		};
		340C82BF0F97EA29009EDF61 /* PreferencesWindow.xib */ = {
			isa = PBXVariantGroup;
			children = (
				340C82C00F97EA29009EDF61 /* English */,
			);
			name = PreferencesWindow.xib;
			sourceTree = "<group>";
		};
		77C8C1F70C07829500965286 /* MainMenu.xib */ = {
			isa = PBXVariantGroup;
			children = (
				77C8C1F80C07829500965286 /* English */,
			);
			name = MainMenu.xib;
			sourceTree = "<group>";
		};
/* End PBXVariantGroup section */

/* Begin XCBuildConfiguration section */
		C01FCF4B08A954540054247B /* Debug */ = {
			isa = XCBuildConfiguration;
			buildSettings = {
				COPY_PHASE_STRIP = NO;
				GCC_DYNAMIC_NO_PIC = NO;
				GCC_ENABLE_FIX_AND_CONTINUE = YES;
				GCC_MODEL_TUNING = G5;
				GCC_OPTIMIZATION_LEVEL = 0;
				GCC_PRECOMPILE_PREFIX_HEADER = YES;
				GCC_PREFIX_HEADER = Pyview_Prefix.pch;
				INFOPLIST_FILE = Info.plist;
				INSTALL_PATH = "$(HOME)/Applications";
				PRODUCT_NAME = Gleam;
				WRAPPER_EXTENSION = app;
				ZERO_LINK = YES;
			};
			name = Debug;
		};
		C01FCF4C08A954540054247B /* Release */ = {
			isa = XCBuildConfiguration;
			buildSettings = {
				DEBUG_INFORMATION_FORMAT = "dwarf-with-dsym";
				GCC_MODEL_TUNING = G5;
				GCC_PRECOMPILE_PREFIX_HEADER = YES;
				GCC_PREFIX_HEADER = Pyview_Prefix.pch;
				INFOPLIST_FILE = Info.plist;
				INSTALL_PATH = "$(HOME)/Applications";
				PRODUCT_NAME = Gleam;
				WRAPPER_EXTENSION = app;
			};
			name = Release;
		};
		C01FCF4F08A954540054247B /* Debug */ = {
			isa = XCBuildConfiguration;
			buildSettings = {
				GCC_WARN_ABOUT_RETURN_TYPE = YES;
				GCC_WARN_UNUSED_VARIABLE = YES;
				PREBINDING = NO;
				SDKROOT = "$(DEVELOPER_SDK_DIR)/MacOSX10.5.sdk";
			};
			name = Debug;
		};
		C01FCF5008A954540054247B /* Release */ = {
			isa = XCBuildConfiguration;
			buildSettings = {
				ARCHS = (
					ppc,
					i386,
				);
				GCC_WARN_ABOUT_RETURN_TYPE = YES;
				GCC_WARN_UNUSED_VARIABLE = YES;
				PREBINDING = NO;
				SDKROOT = "$(DEVELOPER_SDK_DIR)/MacOSX10.5.sdk";
			};
			name = Release;
		};
/* End XCBuildConfiguration section */

/* Begin XCConfigurationList section */
		C01FCF4A08A954540054247B /* Build configuration list for PBXNativeTarget "Pyview" */ = {
			isa = XCConfigurationList;
			buildConfigurations = (
				C01FCF4B08A954540054247B /* Debug */,
				C01FCF4C08A954540054247B /* Release */,
			);
			defaultConfigurationIsVisible = 0;
			defaultConfigurationName = Release;
		};
		C01FCF4E08A954540054247B /* Build configuration list for PBXProject "Pyview" */ = {
			isa = XCConfigurationList;
			buildConfigurations = (
				C01FCF4F08A954540054247B /* Debug */,
				C01FCF5008A954540054247B /* Release */,
			);
			defaultConfigurationIsVisible = 0;
			defaultConfigurationName = Release;
		};
/* End XCConfigurationList section */
	};
	rootObject = 29B97313FDCFA39411CA2CEA /* Project object */;
}
